# This file is automatically @generated by Poetry 1.8.2 and should not be changed by hand.

[[package]]
name = "emoji"
version = "2.11.0"
description = "Emoji for Python"
optional = false
python-versions = "!=3.0.*,!=3.1.*,!=3.2.*,!=3.3.*,>=2.7"
files = [
    {file = "emoji-2.11.0-py2.py3-none-any.whl", hash = "sha256:63fc9107f06c6c2e48e5078ce9575cef98518f5ac09474f6148a43e989989582"},
    {file = "emoji-2.11.0.tar.gz", hash = "sha256:772eaa30f4e0b1ce95148a092df4c7dc97644532c03225326b0fd05e8a9f72a3"},
]

[package.extras]
dev = ["coverage", "coveralls", "pytest"]

[metadata]
lock-version = "2.0"
python-versions = "^3.12"
content-hash = "563c83078b4bad34566990a79d92fd7e308c009279043a8cda1f9f2b1290bd80"
